
Microsoft Visual Studio Solution File, Format Version 12.00
# Visual Studio Version 17
VisualStudioVersion = 17.8.34212.112
MinimumVisualStudioVersion = 10.0.40219.1
Project("{2150E333-8FDC-42A3-9474-1A3956D46DE8}") = "Services", "Services", "{EA63F113-59C7-4C83-9DB3-63F4E3282DAA}"
EndProject
Project("{2150E333-8FDC-42A3-9474-1A3956D46DE8}") = "Catalog", "Catalog", "{B9A48384-4480-40F8-A033-A5AD2FE65403}"
EndProject
Project("{9A19103F-16F7-4668-BE54-9A1E7A4F7556}") = "MultiShop.Catalog", "Services\Catalog\MultiShop.Catalog\MultiShop.Catalog.csproj", "{51655966-393B-4EBA-A9F5-4BDDDF0BC807}"
EndProject
Project("{2150E333-8FDC-42A3-9474-1A3956D46DE8}") = "Discount", "Discount", "{55491E3E-3126-4C35-9061-0A263A73F061}"
EndProject
Project("{9A19103F-16F7-4668-BE54-9A1E7A4F7556}") = "MultiShop.Discount", "Services\Discount\MultiShop.Discount\MultiShop.Discount.csproj", "{23EF65C9-90CA-4311-9EC2-58981D9CD254}"
EndProject
Project("{2150E333-8FDC-42A3-9474-1A3956D46DE8}") = "Order", "Order", "{B50E30C6-24B2-4576-BAAB-9FF6FF65187F}"
EndProject
Project("{9A19103F-16F7-4668-BE54-9A1E7A4F7556}") = "MultiShop.Order.Application", "Services\Order\MultiShop.Order.Application\MultiShop.Order.Application.csproj", "{A0E4EEB4-7E62-4638-B966-99C4B77953E5}"
EndProject
Project("{9A19103F-16F7-4668-BE54-9A1E7A4F7556}") = "MultiShop.Order.Domain", "Services\Order\MultiShop.Order.Domain\MultiShop.Order.Domain.csproj", "{7B790B8F-0D50-479B-BD4C-0079DDC6850F}"
EndProject
Project("{9A19103F-16F7-4668-BE54-9A1E7A4F7556}") = "MultiShop.Order.Infrastructure", "Services\order\MultiShop.Order.Infrastructure\MultiShop.Order.Infrastructure.csproj", "{6B6B0B84-4E49-41D1-95A9-A7A80D90695F}"
EndProject
Project("{9A19103F-16F7-4668-BE54-9A1E7A4F7556}") = "MultiShop.Order.Persistence", "Services\Order\MultiShop.Order.Persistence\MultiShop.Order.Persistence.csproj", "{258F663A-954B-4FFA-9B59-2AB428CF99DB}"
EndProject
Project("{9A19103F-16F7-4668-BE54-9A1E7A4F7556}") = "MultiShop.Order.WebApi", "Services\Order\MultiShop.Order.WebApi\MultiShop.Order.WebApi.csproj", "{E9CC7064-213A-46B9-A0E7-EDF242F3FB78}"
EndProject
Project("{2150E333-8FDC-42A3-9474-1A3956D46DE8}") = "IdentityServer", "IdentityServer", "{B8A0D6FB-0C18-41BB-91D0-8FE1D87B705F}"
EndProject
Project("{9A19103F-16F7-4668-BE54-9A1E7A4F7556}") = "MultiShop.IdentityServer", "IdentityServer\MultiShop.IdentityServer\MultiShop.IdentityServer.csproj", "{90E48AA6-648C-40F6-88DB-0FE8D7AC427E}"
EndProject
Project("{2150E333-8FDC-42A3-9474-1A3956D46DE8}") = "Cargo", "Cargo", "{63A0F0B0-86AC-4B16-BD9A-3248953A4496}"
EndProject
Project("{9A19103F-16F7-4668-BE54-9A1E7A4F7556}") = "MultiShop.Cargo.Business", "Services\Cargo\MultiShop.Cargo.Business\MultiShop.Cargo.Business.csproj", "{C547039A-2D0B-4B0C-A5E1-6A3CFF6EC4DA}"
EndProject
Project("{9A19103F-16F7-4668-BE54-9A1E7A4F7556}") = "MultiShop.Cargo.Entities", "Services\Cargo\MultiShop.Cargo.Entities\MultiShop.Cargo.Entities.csproj", "{1D7AB8C7-4DA0-4779-8A29-7333A7E810DA}"
EndProject
Project("{9A19103F-16F7-4668-BE54-9A1E7A4F7556}") = "MultiShop.Cargo.DataAccess", "Services\Cargo\MultiShop.Cargo.DataAccess\MultiShop.Cargo.DataAccess.csproj", "{89BD21A1-1E23-4372-A549-33BD9D781B2F}"
EndProject
Project("{9A19103F-16F7-4668-BE54-9A1E7A4F7556}") = "MultiShop.Cargo.Dtos", "Services\Cargo\MultiShop.Cargo.Dtos\MultiShop.Cargo.Dtos.csproj", "{3A1CC7EF-3160-4A9C-8FD3-1C2BE8A83547}"
EndProject
Project("{9A19103F-16F7-4668-BE54-9A1E7A4F7556}") = "MultiShop.Cargo.WebApi", "Services\Cargo\MultiShop.Cargo.WebApi\MultiShop.Cargo.WebApi.csproj", "{46ABA585-CE7B-4076-837E-8B8BFDFE6F17}"
EndProject
Project("{2150E333-8FDC-42A3-9474-1A3956D46DE8}") = "Basket", "Basket", "{FA02FC6B-EED8-4B61-8218-4BB6849BE028}"
EndProject
Project("{9A19103F-16F7-4668-BE54-9A1E7A4F7556}") = "MultiShop.Basket", "Services\Basket\MultiShop.Basket\MultiShop.Basket.csproj", "{F2DCF399-BE08-47E7-B1D2-B6FD7F203F51}"
EndProject
Project("{2150E333-8FDC-42A3-9474-1A3956D46DE8}") = "Frontends", "Frontends", "{3BC74507-1115-400E-9354-A0284953F6FC}"
EndProject
Project("{9A19103F-16F7-4668-BE54-9A1E7A4F7556}") = "MultiShop.WebUI", "Frontends\MultiShop.WebUI\MultiShop.WebUI.csproj", "{A486FBC9-ED32-4B15-8078-74AC869F87E8}"
EndProject
Project("{9A19103F-16F7-4668-BE54-9A1E7A4F7556}") = "MultiShop.DtoLayer", "Frontends\MultiShop.DtoLayer\MultiShop.DtoLayer.csproj", "{7420F00A-01BA-48BD-A6F0-E6D52D6B47DA}"
EndProject
Project("{2150E333-8FDC-42A3-9474-1A3956D46DE8}") = "Comment", "Comment", "{77CA148C-01AE-4432-8B05-E53646053694}"
EndProject
Project("{9A19103F-16F7-4668-BE54-9A1E7A4F7556}") = "MultiShop.Comment", "Services\Comment\MultiShop.Comment\MultiShop.Comment.csproj", "{45E6E956-C9EC-48A3-A313-D53EC68BFD86}"
EndProject
Project("{2150E333-8FDC-42A3-9474-1A3956D46DE8}") = "ApiGateway", "ApiGateway", "{E20F97E7-1907-4122-875D-4A6F0CFFAD32}"
EndProject
Project("{2150E333-8FDC-42A3-9474-1A3956D46DE8}") = "RapidApi", "RapidApi", "{A36EE94D-1737-4A6A-B130-EE8E93B35EBB}"
EndProject
Project("{9A19103F-16F7-4668-BE54-9A1E7A4F7556}") = "MultiShop.OcelotGateway", "ApiGateway\MultiShop.OcelotGateway\MultiShop.OcelotGateway.csproj", "{D0E4A994-3454-4E7C-9E4F-F01B39B71D1E}"
EndProject
Project("{2150E333-8FDC-42A3-9474-1A3956D46DE8}") = "Payment", "Payment", "{D184BCC4-86F0-40B2-934E-5716F27788D0}"
EndProject
Project("{2150E333-8FDC-42A3-9474-1A3956D46DE8}") = "Images", "Images", "{E0A2106C-B3DE-4C7E-B71B-DE6558FCFA9D}"
EndProject
Project("{9A19103F-16F7-4668-BE54-9A1E7A4F7556}") = "MultiShop.Payment", "Services\Payment\MultiShop.Payment\MultiShop.Payment.csproj", "{0A361048-45CC-4661-95A4-5BDAA0590007}"
EndProject
Project("{9A19103F-16F7-4668-BE54-9A1E7A4F7556}") = "MultiShop.Images", "Services\Images\MultiShop.Images\MultiShop.Images.csproj", "{AE4E6A49-FE6B-49D3-9B8D-8A94975AFEE9}"
EndProject
Project("{2150E333-8FDC-42A3-9474-1A3956D46DE8}") = "Message", "Message", "{C4A7B368-5D31-45FE-BA43-3D6D87B16019}"
EndProject
Project("{FAE04EC0-301F-11D3-BF4B-00C04F79EFBC}") = "MultiShop.Message", "Message\MultiShop.Message\MultiShop.Message.csproj", "{A6125CD6-3FF0-4178-B762-60935F2D6F9A}"
EndProject
Global
	GlobalSection(SolutionConfigurationPlatforms) = preSolution
		Debug|Any CPU = Debug|Any CPU
		Release|Any CPU = Release|Any CPU
	EndGlobalSection
	GlobalSection(ProjectConfigurationPlatforms) = postSolution
		{51655966-393B-4EBA-A9F5-4BDDDF0BC807}.Debug|Any CPU.ActiveCfg = Debug|Any CPU
		{51655966-393B-4EBA-A9F5-4BDDDF0BC807}.Debug|Any CPU.Build.0 = Debug|Any CPU
		{51655966-393B-4EBA-A9F5-4BDDDF0BC807}.Release|Any CPU.ActiveCfg = Release|Any CPU
		{51655966-393B-4EBA-A9F5-4BDDDF0BC807}.Release|Any CPU.Build.0 = Release|Any CPU
		{23EF65C9-90CA-4311-9EC2-58981D9CD254}.Debug|Any CPU.ActiveCfg = Debug|Any CPU
		{23EF65C9-90CA-4311-9EC2-58981D9CD254}.Debug|Any CPU.Build.0 = Debug|Any CPU
		{23EF65C9-90CA-4311-9EC2-58981D9CD254}.Release|Any CPU.ActiveCfg = Release|Any CPU
		{23EF65C9-90CA-4311-9EC2-58981D9CD254}.Release|Any CPU.Build.0 = Release|Any CPU
		{A0E4EEB4-7E62-4638-B966-99C4B77953E5}.Debug|Any CPU.ActiveCfg = Debug|Any CPU
		{A0E4EEB4-7E62-4638-B966-99C4B77953E5}.Debug|Any CPU.Build.0 = Debug|Any CPU
		{A0E4EEB4-7E62-4638-B966-99C4B77953E5}.Release|Any CPU.ActiveCfg = Release|Any CPU
		{A0E4EEB4-7E62-4638-B966-99C4B77953E5}.Release|Any CPU.Build.0 = Release|Any CPU
		{7B790B8F-0D50-479B-BD4C-0079DDC6850F}.Debug|Any CPU.ActiveCfg = Debug|Any CPU
		{7B790B8F-0D50-479B-BD4C-0079DDC6850F}.Debug|Any CPU.Build.0 = Debug|Any CPU
		{7B790B8F-0D50-479B-BD4C-0079DDC6850F}.Release|Any CPU.ActiveCfg = Release|Any CPU
		{7B790B8F-0D50-479B-BD4C-0079DDC6850F}.Release|Any CPU.Build.0 = Release|Any CPU
		{6B6B0B84-4E49-41D1-95A9-A7A80D90695F}.Debug|Any CPU.ActiveCfg = Debug|Any CPU
		{6B6B0B84-4E49-41D1-95A9-A7A80D90695F}.Debug|Any CPU.Build.0 = Debug|Any CPU
		{6B6B0B84-4E49-41D1-95A9-A7A80D90695F}.Release|Any CPU.ActiveCfg = Release|Any CPU
		{6B6B0B84-4E49-41D1-95A9-A7A80D90695F}.Release|Any CPU.Build.0 = Release|Any CPU
		{258F663A-954B-4FFA-9B59-2AB428CF99DB}.Debug|Any CPU.ActiveCfg = Debug|Any CPU
		{258F663A-954B-4FFA-9B59-2AB428CF99DB}.Debug|Any CPU.Build.0 = Debug|Any CPU
		{258F663A-954B-4FFA-9B59-2AB428CF99DB}.Release|Any CPU.ActiveCfg = Release|Any CPU
		{258F663A-954B-4FFA-9B59-2AB428CF99DB}.Release|Any CPU.Build.0 = Release|Any CPU
		{E9CC7064-213A-46B9-A0E7-EDF242F3FB78}.Debug|Any CPU.ActiveCfg = Debug|Any CPU
		{E9CC7064-213A-46B9-A0E7-EDF242F3FB78}.Debug|Any CPU.Build.0 = Debug|Any CPU
		{E9CC7064-213A-46B9-A0E7-EDF242F3FB78}.Release|Any CPU.ActiveCfg = Release|Any CPU
		{E9CC7064-213A-46B9-A0E7-EDF242F3FB78}.Release|Any CPU.Build.0 = Release|Any CPU
		{90E48AA6-648C-40F6-88DB-0FE8D7AC427E}.Debug|Any CPU.ActiveCfg = Debug|Any CPU
		{90E48AA6-648C-40F6-88DB-0FE8D7AC427E}.Debug|Any CPU.Build.0 = Debug|Any CPU
		{90E48AA6-648C-40F6-88DB-0FE8D7AC427E}.Release|Any CPU.ActiveCfg = Release|Any CPU
		{90E48AA6-648C-40F6-88DB-0FE8D7AC427E}.Release|Any CPU.Build.0 = Release|Any CPU
		{C547039A-2D0B-4B0C-A5E1-6A3CFF6EC4DA}.Debug|Any CPU.ActiveCfg = Debug|Any CPU
		{C547039A-2D0B-4B0C-A5E1-6A3CFF6EC4DA}.Debug|Any CPU.Build.0 = Debug|Any CPU
		{C547039A-2D0B-4B0C-A5E1-6A3CFF6EC4DA}.Release|Any CPU.ActiveCfg = Release|Any CPU
		{C547039A-2D0B-4B0C-A5E1-6A3CFF6EC4DA}.Release|Any CPU.Build.0 = Release|Any CPU
		{1D7AB8C7-4DA0-4779-8A29-7333A7E810DA}.Debug|Any CPU.ActiveCfg = Debug|Any CPU
		{1D7AB8C7-4DA0-4779-8A29-7333A7E810DA}.Debug|Any CPU.Build.0 = Debug|Any CPU
		{1D7AB8C7-4DA0-4779-8A29-7333A7E810DA}.Release|Any CPU.ActiveCfg = Release|Any CPU
		{1D7AB8C7-4DA0-4779-8A29-7333A7E810DA}.Release|Any CPU.Build.0 = Release|Any CPU
		{89BD21A1-1E23-4372-A549-33BD9D781B2F}.Debug|Any CPU.ActiveCfg = Debug|Any CPU
		{89BD21A1-1E23-4372-A549-33BD9D781B2F}.Debug|Any CPU.Build.0 = Debug|Any CPU
		{89BD21A1-1E23-4372-A549-33BD9D781B2F}.Release|Any CPU.ActiveCfg = Release|Any CPU
		{89BD21A1-1E23-4372-A549-33BD9D781B2F}.Release|Any CPU.Build.0 = Release|Any CPU
		{3A1CC7EF-3160-4A9C-8FD3-1C2BE8A83547}.Debug|Any CPU.ActiveCfg = Debug|Any CPU
		{3A1CC7EF-3160-4A9C-8FD3-1C2BE8A83547}.Debug|Any CPU.Build.0 = Debug|Any CPU
		{3A1CC7EF-3160-4A9C-8FD3-1C2BE8A83547}.Release|Any CPU.ActiveCfg = Release|Any CPU
		{3A1CC7EF-3160-4A9C-8FD3-1C2BE8A83547}.Release|Any CPU.Build.0 = Release|Any CPU
		{46ABA585-CE7B-4076-837E-8B8BFDFE6F17}.Debug|Any CPU.ActiveCfg = Debug|Any CPU
		{46ABA585-CE7B-4076-837E-8B8BFDFE6F17}.Debug|Any CPU.Build.0 = Debug|Any CPU
		{46ABA585-CE7B-4076-837E-8B8BFDFE6F17}.Release|Any CPU.ActiveCfg = Release|Any CPU
		{46ABA585-CE7B-4076-837E-8B8BFDFE6F17}.Release|Any CPU.Build.0 = Release|Any CPU
		{F2DCF399-BE08-47E7-B1D2-B6FD7F203F51}.Debug|Any CPU.ActiveCfg = Debug|Any CPU
		{F2DCF399-BE08-47E7-B1D2-B6FD7F203F51}.Debug|Any CPU.Build.0 = Debug|Any CPU
		{F2DCF399-BE08-47E7-B1D2-B6FD7F203F51}.Release|Any CPU.ActiveCfg = Release|Any CPU
		{F2DCF399-BE08-47E7-B1D2-B6FD7F203F51}.Release|Any CPU.Build.0 = Release|Any CPU
		{A486FBC9-ED32-4B15-8078-74AC869F87E8}.Debug|Any CPU.ActiveCfg = Debug|Any CPU
		{A486FBC9-ED32-4B15-8078-74AC869F87E8}.Debug|Any CPU.Build.0 = Debug|Any CPU
		{A486FBC9-ED32-4B15-8078-74AC869F87E8}.Release|Any CPU.ActiveCfg = Release|Any CPU
		{A486FBC9-ED32-4B15-8078-74AC869F87E8}.Release|Any CPU.Build.0 = Release|Any CPU
		{7420F00A-01BA-48BD-A6F0-E6D52D6B47DA}.Debug|Any CPU.ActiveCfg = Debug|Any CPU
		{7420F00A-01BA-48BD-A6F0-E6D52D6B47DA}.Debug|Any CPU.Build.0 = Debug|Any CPU
		{7420F00A-01BA-48BD-A6F0-E6D52D6B47DA}.Release|Any CPU.ActiveCfg = Release|Any CPU
		{7420F00A-01BA-48BD-A6F0-E6D52D6B47DA}.Release|Any CPU.Build.0 = Release|Any CPU
		{45E6E956-C9EC-48A3-A313-D53EC68BFD86}.Debug|Any CPU.ActiveCfg = Debug|Any CPU
		{45E6E956-C9EC-48A3-A313-D53EC68BFD86}.Debug|Any CPU.Build.0 = Debug|Any CPU
		{45E6E956-C9EC-48A3-A313-D53EC68BFD86}.Release|Any CPU.ActiveCfg = Release|Any CPU
		{45E6E956-C9EC-48A3-A313-D53EC68BFD86}.Release|Any CPU.Build.0 = Release|Any CPU
		{D0E4A994-3454-4E7C-9E4F-F01B39B71D1E}.Debug|Any CPU.ActiveCfg = Debug|Any CPU
		{D0E4A994-3454-4E7C-9E4F-F01B39B71D1E}.Debug|Any CPU.Build.0 = Debug|Any CPU
		{D0E4A994-3454-4E7C-9E4F-F01B39B71D1E}.Release|Any CPU.ActiveCfg = Release|Any CPU
		{D0E4A994-3454-4E7C-9E4F-F01B39B71D1E}.Release|Any CPU.Build.0 = Release|Any CPU
		{0A361048-45CC-4661-95A4-5BDAA0590007}.Debug|Any CPU.ActiveCfg = Debug|Any CPU
		{0A361048-45CC-4661-95A4-5BDAA0590007}.Debug|Any CPU.Build.0 = Debug|Any CPU
		{0A361048-45CC-4661-95A4-5BDAA0590007}.Release|Any CPU.ActiveCfg = Release|Any CPU
		{0A361048-45CC-4661-95A4-5BDAA0590007}.Release|Any CPU.Build.0 = Release|Any CPU
		{AE4E6A49-FE6B-49D3-9B8D-8A94975AFEE9}.Debug|Any CPU.ActiveCfg = Debug|Any CPU
		{AE4E6A49-FE6B-49D3-9B8D-8A94975AFEE9}.Debug|Any CPU.Build.0 = Debug|Any CPU
		{AE4E6A49-FE6B-49D3-9B8D-8A94975AFEE9}.Release|Any CPU.ActiveCfg = Release|Any CPU
		{AE4E6A49-FE6B-49D3-9B8D-8A94975AFEE9}.Release|Any CPU.Build.0 = Release|Any CPU
		{A6125CD6-3FF0-4178-B762-60935F2D6F9A}.Debug|Any CPU.ActiveCfg = Debug|Any CPU
		{A6125CD6-3FF0-4178-B762-60935F2D6F9A}.Debug|Any CPU.Build.0 = Debug|Any CPU
		{A6125CD6-3FF0-4178-B762-60935F2D6F9A}.Release|Any CPU.ActiveCfg = Release|Any CPU
		{A6125CD6-3FF0-4178-B762-60935F2D6F9A}.Release|Any CPU.Build.0 = Release|Any CPU
	EndGlobalSection
	GlobalSection(SolutionProperties) = preSolution
		HideSolutionNode = FALSE
	EndGlobalSection
	GlobalSection(NestedProjects) = preSolution
		{B9A48384-4480-40F8-A033-A5AD2FE65403} = {EA63F113-59C7-4C83-9DB3-63F4E3282DAA}
		{51655966-393B-4EBA-A9F5-4BDDDF0BC807} = {B9A48384-4480-40F8-A033-A5AD2FE65403}
		{55491E3E-3126-4C35-9061-0A263A73F061} = {EA63F113-59C7-4C83-9DB3-63F4E3282DAA}
		{23EF65C9-90CA-4311-9EC2-58981D9CD254} = {55491E3E-3126-4C35-9061-0A263A73F061}
		{B50E30C6-24B2-4576-BAAB-9FF6FF65187F} = {EA63F113-59C7-4C83-9DB3-63F4E3282DAA}
		{A0E4EEB4-7E62-4638-B966-99C4B77953E5} = {B50E30C6-24B2-4576-BAAB-9FF6FF65187F}
		{7B790B8F-0D50-479B-BD4C-0079DDC6850F} = {B50E30C6-24B2-4576-BAAB-9FF6FF65187F}
		{6B6B0B84-4E49-41D1-95A9-A7A80D90695F} = {B50E30C6-24B2-4576-BAAB-9FF6FF65187F}
		{258F663A-954B-4FFA-9B59-2AB428CF99DB} = {B50E30C6-24B2-4576-BAAB-9FF6FF65187F}
		{E9CC7064-213A-46B9-A0E7-EDF242F3FB78} = {B50E30C6-24B2-4576-BAAB-9FF6FF65187F}
		{90E48AA6-648C-40F6-88DB-0FE8D7AC427E} = {B8A0D6FB-0C18-41BB-91D0-8FE1D87B705F}
		{63A0F0B0-86AC-4B16-BD9A-3248953A4496} = {EA63F113-59C7-4C83-9DB3-63F4E3282DAA}
		{C547039A-2D0B-4B0C-A5E1-6A3CFF6EC4DA} = {63A0F0B0-86AC-4B16-BD9A-3248953A4496}
		{1D7AB8C7-4DA0-4779-8A29-7333A7E810DA} = {63A0F0B0-86AC-4B16-BD9A-3248953A4496}
		{89BD21A1-1E23-4372-A549-33BD9D781B2F} = {63A0F0B0-86AC-4B16-BD9A-3248953A4496}
		{3A1CC7EF-3160-4A9C-8FD3-1C2BE8A83547} = {63A0F0B0-86AC-4B16-BD9A-3248953A4496}
		{46ABA585-CE7B-4076-837E-8B8BFDFE6F17} = {63A0F0B0-86AC-4B16-BD9A-3248953A4496}
		{FA02FC6B-EED8-4B61-8218-4BB6849BE028} = {EA63F113-59C7-4C83-9DB3-63F4E3282DAA}
		{F2DCF399-BE08-47E7-B1D2-B6FD7F203F51} = {FA02FC6B-EED8-4B61-8218-4BB6849BE028}
		{A486FBC9-ED32-4B15-8078-74AC869F87E8} = {3BC74507-1115-400E-9354-A0284953F6FC}
		{7420F00A-01BA-48BD-A6F0-E6D52D6B47DA} = {3BC74507-1115-400E-9354-A0284953F6FC}
		{77CA148C-01AE-4432-8B05-E53646053694} = {EA63F113-59C7-4C83-9DB3-63F4E3282DAA}
		{45E6E956-C9EC-48A3-A313-D53EC68BFD86} = {77CA148C-01AE-4432-8B05-E53646053694}
		{D0E4A994-3454-4E7C-9E4F-F01B39B71D1E} = {E20F97E7-1907-4122-875D-4A6F0CFFAD32}
		{D184BCC4-86F0-40B2-934E-5716F27788D0} = {EA63F113-59C7-4C83-9DB3-63F4E3282DAA}
		{E0A2106C-B3DE-4C7E-B71B-DE6558FCFA9D} = {EA63F113-59C7-4C83-9DB3-63F4E3282DAA}
		{0A361048-45CC-4661-95A4-5BDAA0590007} = {D184BCC4-86F0-40B2-934E-5716F27788D0}
		{AE4E6A49-FE6B-49D3-9B8D-8A94975AFEE9} = {E0A2106C-B3DE-4C7E-B71B-DE6558FCFA9D}
		{C4A7B368-5D31-45FE-BA43-3D6D87B16019} = {EA63F113-59C7-4C83-9DB3-63F4E3282DAA}
		{A6125CD6-3FF0-4178-B762-60935F2D6F9A} = {C4A7B368-5D31-45FE-BA43-3D6D87B16019}
	EndGlobalSection
	GlobalSection(ExtensibilityGlobals) = postSolution
		SolutionGuid = {7B2ED2F7-1826-4A28-94FE-EFD4969FC732}
	EndGlobalSection
EndGlobal
